
Microsoft Visual Studio Solution File, Format Version 12.00
# Visual Studio Version 17
VisualStudioVersion = 17.5.002.0
MinimumVisualStudioVersion = 10.0.40219.1
Project("{2150E333-8FDC-42A3-9474-1A3956D46DE8}") = "unidad2", "unidad2", "{86BB1F9C-32C0-4EF9-9EDE-F31333BBA597}"
EndProject
Project("{9A19103F-16F7-4668-BE54-9A1E7A4F7556}") = "calculadora", "unidad2\calculadora\calculadora.csproj", "{5D11A2F4-41B2-4E42-BC03-A2A5AF2FC60A}"
EndProject
Project("{9A19103F-16F7-4668-BE54-9A1E7A4F7556}") = "ejercicio-2", "unidad2\ejercicio-2\ejercicio-2.csproj", "{DCB5A225-A054-4249-9B8B-B56740B6051E}"
EndProject
Project("{9A19103F-16F7-4668-BE54-9A1E7A4F7556}") = "ejercicio-3", "unidad2\ejercicio-3\ejercicio-3.csproj", "{3A86E215-86C3-4A11-8C37-6B801B1749D4}"
EndProject
Project("{9A19103F-16F7-4668-BE54-9A1E7A4F7556}") = "ejercicio-4", "unidad2\ejercicio-4\ejercicio-4.csproj", "{ACC2117A-D17A-4A75-94EF-C38561D7FAF5}"
EndProject
Project("{9A19103F-16F7-4668-BE54-9A1E7A4F7556}") = "ejercicio-5", "unidad2\ejercicio-5\ejercicio-5.csproj", "{8451F3C5-CFF6-4051-AACA-4006C1B33554}"
EndProject
Project("{9A19103F-16F7-4668-BE54-9A1E7A4F7556}") = "primer-programa", "unidad2\primer-programa\primer-programa.csproj", "{AD2A5916-016C-4F13-834D-F6F595AC9775}"
EndProject
Project("{2150E333-8FDC-42A3-9474-1A3956D46DE8}") = "unidad3", "unidad3", "{AE210E37-30C6-4B42-9657-7764F8F84C94}"
EndProject
Project("{9A19103F-16F7-4668-BE54-9A1E7A4F7556}") = "ejemplos", "unidad3\ejemplos\ejemplos.csproj", "{DC8B5C18-3A87-428A-BB3E-E35D18D5F199}"
EndProject
Project("{FAE04EC0-301F-11D3-BF4B-00C04F79EFBC}") = "ejercicio1", "unidad3\ejercicio1\ejercicio1.csproj", "{88A8C406-B5A0-46DC-A711-BDD59E7B5032}"
EndProject
Project("{FAE04EC0-301F-11D3-BF4B-00C04F79EFBC}") = "ejercicio2", "unidad3\ejercicio2\ejercicio2.csproj", "{150699A0-68E7-43E2-A38A-17B7842CB777}"
EndProject
Project("{FAE04EC0-301F-11D3-BF4B-00C04F79EFBC}") = "ejercicio3", "unidad3\ejercicio3\ejercicio3.csproj", "{292AB86A-7F14-4138-9719-D724EA88018D}"
EndProject
Project("{FAE04EC0-301F-11D3-BF4B-00C04F79EFBC}") = "ejercicio4", "unidad3\ejercicio4\ejercicio4.csproj", "{28D099C2-4EFB-4A7D-991E-E2DC0C29E9C6}"
EndProject
Project("{FAE04EC0-301F-11D3-BF4B-00C04F79EFBC}") = "ejercicio5", "unidad3\ejercicio5\ejercicio5.csproj", "{4851F4C0-A10D-4259-B478-6AEA863DB083}"
EndProject
Project("{2150E333-8FDC-42A3-9474-1A3956D46DE8}") = "unidad4", "unidad4", "{486B58F7-AA58-4CCD-BCA5-BA09E07AB6CD}"
EndProject
Project("{FAE04EC0-301F-11D3-BF4B-00C04F79EFBC}") = "ejercicio1", "unidad4\ejercicio1\ejercicio1.csproj", "{D6207BC7-780F-4BE5-8718-03DC2EF91D40}"
EndProject
Project("{FAE04EC0-301F-11D3-BF4B-00C04F79EFBC}") = "ejercicio2", "unidad4\ejercicio2\ejercicio2.csproj", "{F90B3F81-22CE-4A60-8CD5-78A353906520}"
EndProject
Project("{FAE04EC0-301F-11D3-BF4B-00C04F79EFBC}") = "ejercicio3", "unidad4\ejercicio3\ejercicio3.csproj", "{19C3BC49-B300-4533-90A6-DA005AB32FE6}"
EndProject
Project("{FAE04EC0-301F-11D3-BF4B-00C04F79EFBC}") = "ejercicio4", "unidad4\ejercicio4\ejercicio4.csproj", "{D4DF25A0-D860-47A8-B70E-ACD09D9AC337}"
EndProject
Project("{FAE04EC0-301F-11D3-BF4B-00C04F79EFBC}") = "ejercicio5", "unidad4\ejercicio5\ejercicio5.csproj", "{05FA0B71-DBDF-40BE-A457-29573215B451}"
EndProject
Project("{2150E333-8FDC-42A3-9474-1A3956D46DE8}") = "unidad5", "unidad5", "{5D9E1AF2-C695-4741-9D05-5240CADE6DA5}"
EndProject
Project("{FAE04EC0-301F-11D3-BF4B-00C04F79EFBC}") = "ejercicio1", "unidad5\ejercicio1\ejercicio1.csproj", "{1BFE6FA8-B1CD-4B45-B470-BE7569DB115A}"
EndProject
Project("{FAE04EC0-301F-11D3-BF4B-00C04F79EFBC}") = "ejercicio2", "unidad5\ejercicio2\ejercicio2.csproj", "{5B761CC7-5ADD-485E-860C-721E547686D1}"
EndProject
Project("{FAE04EC0-301F-11D3-BF4B-00C04F79EFBC}") = "ejercicio3", "unidad5\ejercicio3\ejercicio3.csproj", "{D12EEEB9-6772-478E-94D6-12E36F10FA42}"
EndProject
Project("{FAE04EC0-301F-11D3-BF4B-00C04F79EFBC}") = "ejercicio4", "unidad5\ejercicio4\ejercicio4.csproj", "{FDEC51D4-F0FB-4EDC-8259-BDDC3FADBE0B}"
EndProject
Project("{FAE04EC0-301F-11D3-BF4B-00C04F79EFBC}") = "ejercicio5", "unidad5\ejercicio5\ejercicio5.csproj", "{73D27091-BF58-412D-BFC5-BB2E8FB05871}"
EndProject
Project("{2150E333-8FDC-42A3-9474-1A3956D46DE8}") = "unidad6", "unidad6", "{A713BFD6-2BC1-4D7B-B0E6-627344D69D0D}"
EndProject
Project("{FAE04EC0-301F-11D3-BF4B-00C04F79EFBC}") = "ejercicio1", "unidad6\ejercicio1\ejercicio1.csproj", "{060B84AE-338A-44EB-912D-328569E9E522}"
EndProject
Project("{FAE04EC0-301F-11D3-BF4B-00C04F79EFBC}") = "ejercicio2", "unidad6\ejercicio2\ejercicio2.csproj", "{51A188AF-1A4B-4D06-87BF-585C0FC35D77}"
EndProject
Project("{FAE04EC0-301F-11D3-BF4B-00C04F79EFBC}") = "ejercicio3", "unidad6\ejercicio3\ejercicio3.csproj", "{DB6BF707-FC53-4C0C-8AF6-F6D389337D4E}"
EndProject
Global
	GlobalSection(SolutionConfigurationPlatforms) = preSolution
		Debug|Any CPU = Debug|Any CPU
		Release|Any CPU = Release|Any CPU
	EndGlobalSection
	GlobalSection(ProjectConfigurationPlatforms) = postSolution
		{5D11A2F4-41B2-4E42-BC03-A2A5AF2FC60A}.Debug|Any CPU.ActiveCfg = Debug|Any CPU
		{5D11A2F4-41B2-4E42-BC03-A2A5AF2FC60A}.Debug|Any CPU.Build.0 = Debug|Any CPU
		{5D11A2F4-41B2-4E42-BC03-A2A5AF2FC60A}.Release|Any CPU.ActiveCfg = Release|Any CPU
		{5D11A2F4-41B2-4E42-BC03-A2A5AF2FC60A}.Release|Any CPU.Build.0 = Release|Any CPU
		{DCB5A225-A054-4249-9B8B-B56740B6051E}.Debug|Any CPU.ActiveCfg = Debug|Any CPU
		{DCB5A225-A054-4249-9B8B-B56740B6051E}.Debug|Any CPU.Build.0 = Debug|Any CPU
		{DCB5A225-A054-4249-9B8B-B56740B6051E}.Release|Any CPU.ActiveCfg = Release|Any CPU
		{DCB5A225-A054-4249-9B8B-B56740B6051E}.Release|Any CPU.Build.0 = Release|Any CPU
		{3A86E215-86C3-4A11-8C37-6B801B1749D4}.Debug|Any CPU.ActiveCfg = Debug|Any CPU
		{3A86E215-86C3-4A11-8C37-6B801B1749D4}.Debug|Any CPU.Build.0 = Debug|Any CPU
		{3A86E215-86C3-4A11-8C37-6B801B1749D4}.Release|Any CPU.ActiveCfg = Release|Any CPU
		{3A86E215-86C3-4A11-8C37-6B801B1749D4}.Release|Any CPU.Build.0 = Release|Any CPU
		{ACC2117A-D17A-4A75-94EF-C38561D7FAF5}.Debug|Any CPU.ActiveCfg = Debug|Any CPU
		{ACC2117A-D17A-4A75-94EF-C38561D7FAF5}.Debug|Any CPU.Build.0 = Debug|Any CPU
		{ACC2117A-D17A-4A75-94EF-C38561D7FAF5}.Release|Any CPU.ActiveCfg = Release|Any CPU
		{ACC2117A-D17A-4A75-94EF-C38561D7FAF5}.Release|Any CPU.Build.0 = Release|Any CPU
		{8451F3C5-CFF6-4051-AACA-4006C1B33554}.Debug|Any CPU.ActiveCfg = Debug|Any CPU
		{8451F3C5-CFF6-4051-AACA-4006C1B33554}.Debug|Any CPU.Build.0 = Debug|Any CPU
		{8451F3C5-CFF6-4051-AACA-4006C1B33554}.Release|Any CPU.ActiveCfg = Release|Any CPU
		{8451F3C5-CFF6-4051-AACA-4006C1B33554}.Release|Any CPU.Build.0 = Release|Any CPU
		{AD2A5916-016C-4F13-834D-F6F595AC9775}.Debug|Any CPU.ActiveCfg = Debug|Any CPU
		{AD2A5916-016C-4F13-834D-F6F595AC9775}.Debug|Any CPU.Build.0 = Debug|Any CPU
		{AD2A5916-016C-4F13-834D-F6F595AC9775}.Release|Any CPU.ActiveCfg = Release|Any CPU
		{AD2A5916-016C-4F13-834D-F6F595AC9775}.Release|Any CPU.Build.0 = Release|Any CPU
		{DC8B5C18-3A87-428A-BB3E-E35D18D5F199}.Debug|Any CPU.ActiveCfg = Debug|Any CPU
		{DC8B5C18-3A87-428A-BB3E-E35D18D5F199}.Debug|Any CPU.Build.0 = Debug|Any CPU
		{DC8B5C18-3A87-428A-BB3E-E35D18D5F199}.Release|Any CPU.ActiveCfg = Release|Any CPU
		{DC8B5C18-3A87-428A-BB3E-E35D18D5F199}.Release|Any CPU.Build.0 = Release|Any CPU
		{88A8C406-B5A0-46DC-A711-BDD59E7B5032}.Debug|Any CPU.ActiveCfg = Debug|Any CPU
		{88A8C406-B5A0-46DC-A711-BDD59E7B5032}.Debug|Any CPU.Build.0 = Debug|Any CPU
		{88A8C406-B5A0-46DC-A711-BDD59E7B5032}.Release|Any CPU.ActiveCfg = Release|Any CPU
		{88A8C406-B5A0-46DC-A711-BDD59E7B5032}.Release|Any CPU.Build.0 = Release|Any CPU
		{150699A0-68E7-43E2-A38A-17B7842CB777}.Debug|Any CPU.ActiveCfg = Debug|Any CPU
		{150699A0-68E7-43E2-A38A-17B7842CB777}.Debug|Any CPU.Build.0 = Debug|Any CPU
		{150699A0-68E7-43E2-A38A-17B7842CB777}.Release|Any CPU.ActiveCfg = Release|Any CPU
		{150699A0-68E7-43E2-A38A-17B7842CB777}.Release|Any CPU.Build.0 = Release|Any CPU
		{292AB86A-7F14-4138-9719-D724EA88018D}.Debug|Any CPU.ActiveCfg = Debug|Any CPU
		{292AB86A-7F14-4138-9719-D724EA88018D}.Debug|Any CPU.Build.0 = Debug|Any CPU
		{292AB86A-7F14-4138-9719-D724EA88018D}.Release|Any CPU.ActiveCfg = Release|Any CPU
		{292AB86A-7F14-4138-9719-D724EA88018D}.Release|Any CPU.Build.0 = Release|Any CPU
		{28D099C2-4EFB-4A7D-991E-E2DC0C29E9C6}.Debug|Any CPU.ActiveCfg = Debug|Any CPU
		{28D099C2-4EFB-4A7D-991E-E2DC0C29E9C6}.Debug|Any CPU.Build.0 = Debug|Any CPU
		{28D099C2-4EFB-4A7D-991E-E2DC0C29E9C6}.Release|Any CPU.ActiveCfg = Release|Any CPU
		{28D099C2-4EFB-4A7D-991E-E2DC0C29E9C6}.Release|Any CPU.Build.0 = Release|Any CPU
		{4851F4C0-A10D-4259-B478-6AEA863DB083}.Debug|Any CPU.ActiveCfg = Debug|Any CPU
		{4851F4C0-A10D-4259-B478-6AEA863DB083}.Debug|Any CPU.Build.0 = Debug|Any CPU
		{4851F4C0-A10D-4259-B478-6AEA863DB083}.Release|Any CPU.ActiveCfg = Release|Any CPU
		{4851F4C0-A10D-4259-B478-6AEA863DB083}.Release|Any CPU.Build.0 = Release|Any CPU
		{D6207BC7-780F-4BE5-8718-03DC2EF91D40}.Debug|Any CPU.ActiveCfg = Debug|Any CPU
		{D6207BC7-780F-4BE5-8718-03DC2EF91D40}.Debug|Any CPU.Build.0 = Debug|Any CPU
		{D6207BC7-780F-4BE5-8718-03DC2EF91D40}.Release|Any CPU.ActiveCfg = Release|Any CPU
		{D6207BC7-780F-4BE5-8718-03DC2EF91D40}.Release|Any CPU.Build.0 = Release|Any CPU
		{F90B3F81-22CE-4A60-8CD5-78A353906520}.Debug|Any CPU.ActiveCfg = Debug|Any CPU
		{F90B3F81-22CE-4A60-8CD5-78A353906520}.Debug|Any CPU.Build.0 = Debug|Any CPU
		{F90B3F81-22CE-4A60-8CD5-78A353906520}.Release|Any CPU.ActiveCfg = Release|Any CPU
		{F90B3F81-22CE-4A60-8CD5-78A353906520}.Release|Any CPU.Build.0 = Release|Any CPU
		{19C3BC49-B300-4533-90A6-DA005AB32FE6}.Debug|Any CPU.ActiveCfg = Debug|Any CPU
		{19C3BC49-B300-4533-90A6-DA005AB32FE6}.Debug|Any CPU.Build.0 = Debug|Any CPU
		{19C3BC49-B300-4533-90A6-DA005AB32FE6}.Release|Any CPU.ActiveCfg = Release|Any CPU
		{19C3BC49-B300-4533-90A6-DA005AB32FE6}.Release|Any CPU.Build.0 = Release|Any CPU
		{D4DF25A0-D860-47A8-B70E-ACD09D9AC337}.Debug|Any CPU.ActiveCfg = Debug|Any CPU
		{D4DF25A0-D860-47A8-B70E-ACD09D9AC337}.Debug|Any CPU.Build.0 = Debug|Any CPU
		{D4DF25A0-D860-47A8-B70E-ACD09D9AC337}.Release|Any CPU.ActiveCfg = Release|Any CPU
		{D4DF25A0-D860-47A8-B70E-ACD09D9AC337}.Release|Any CPU.Build.0 = Release|Any CPU
		{05FA0B71-DBDF-40BE-A457-29573215B451}.Debug|Any CPU.ActiveCfg = Debug|Any CPU
		{05FA0B71-DBDF-40BE-A457-29573215B451}.Debug|Any CPU.Build.0 = Debug|Any CPU
		{05FA0B71-DBDF-40BE-A457-29573215B451}.Release|Any CPU.ActiveCfg = Release|Any CPU
		{05FA0B71-DBDF-40BE-A457-29573215B451}.Release|Any CPU.Build.0 = Release|Any CPU
		{1BFE6FA8-B1CD-4B45-B470-BE7569DB115A}.Debug|Any CPU.ActiveCfg = Debug|Any CPU
		{1BFE6FA8-B1CD-4B45-B470-BE7569DB115A}.Debug|Any CPU.Build.0 = Debug|Any CPU
		{1BFE6FA8-B1CD-4B45-B470-BE7569DB115A}.Release|Any CPU.ActiveCfg = Release|Any CPU
		{1BFE6FA8-B1CD-4B45-B470-BE7569DB115A}.Release|Any CPU.Build.0 = Release|Any CPU
		{5B761CC7-5ADD-485E-860C-721E547686D1}.Debug|Any CPU.ActiveCfg = Debug|Any CPU
		{5B761CC7-5ADD-485E-860C-721E547686D1}.Debug|Any CPU.Build.0 = Debug|Any CPU
		{5B761CC7-5ADD-485E-860C-721E547686D1}.Release|Any CPU.ActiveCfg = Release|Any CPU
		{5B761CC7-5ADD-485E-860C-721E547686D1}.Release|Any CPU.Build.0 = Release|Any CPU
		{D12EEEB9-6772-478E-94D6-12E36F10FA42}.Debug|Any CPU.ActiveCfg = Debug|Any CPU
		{D12EEEB9-6772-478E-94D6-12E36F10FA42}.Debug|Any CPU.Build.0 = Debug|Any CPU
		{D12EEEB9-6772-478E-94D6-12E36F10FA42}.Release|Any CPU.ActiveCfg = Release|Any CPU
		{D12EEEB9-6772-478E-94D6-12E36F10FA42}.Release|Any CPU.Build.0 = Release|Any CPU
		{FDEC51D4-F0FB-4EDC-8259-BDDC3FADBE0B}.Debug|Any CPU.ActiveCfg = Debug|Any CPU
		{FDEC51D4-F0FB-4EDC-8259-BDDC3FADBE0B}.Debug|Any CPU.Build.0 = Debug|Any CPU
		{FDEC51D4-F0FB-4EDC-8259-BDDC3FADBE0B}.Release|Any CPU.ActiveCfg = Release|Any CPU
		{FDEC51D4-F0FB-4EDC-8259-BDDC3FADBE0B}.Release|Any CPU.Build.0 = Release|Any CPU
		{73D27091-BF58-412D-BFC5-BB2E8FB05871}.Debug|Any CPU.ActiveCfg = Debug|Any CPU
		{73D27091-BF58-412D-BFC5-BB2E8FB05871}.Debug|Any CPU.Build.0 = Debug|Any CPU
		{73D27091-BF58-412D-BFC5-BB2E8FB05871}.Release|Any CPU.ActiveCfg = Release|Any CPU
		{73D27091-BF58-412D-BFC5-BB2E8FB05871}.Release|Any CPU.Build.0 = Release|Any CPU
		{060B84AE-338A-44EB-912D-328569E9E522}.Debug|Any CPU.ActiveCfg = Debug|Any CPU
		{060B84AE-338A-44EB-912D-328569E9E522}.Debug|Any CPU.Build.0 = Debug|Any CPU
		{060B84AE-338A-44EB-912D-328569E9E522}.Release|Any CPU.ActiveCfg = Release|Any CPU
		{060B84AE-338A-44EB-912D-328569E9E522}.Release|Any CPU.Build.0 = Release|Any CPU
		{51A188AF-1A4B-4D06-87BF-585C0FC35D77}.Debug|Any CPU.ActiveCfg = Debug|Any CPU
		{51A188AF-1A4B-4D06-87BF-585C0FC35D77}.Debug|Any CPU.Build.0 = Debug|Any CPU
		{51A188AF-1A4B-4D06-87BF-585C0FC35D77}.Release|Any CPU.ActiveCfg = Release|Any CPU
		{51A188AF-1A4B-4D06-87BF-585C0FC35D77}.Release|Any CPU.Build.0 = Release|Any CPU
		{DB6BF707-FC53-4C0C-8AF6-F6D389337D4E}.Debug|Any CPU.ActiveCfg = Debug|Any CPU
		{DB6BF707-FC53-4C0C-8AF6-F6D389337D4E}.Debug|Any CPU.Build.0 = Debug|Any CPU
		{DB6BF707-FC53-4C0C-8AF6-F6D389337D4E}.Release|Any CPU.ActiveCfg = Release|Any CPU
		{DB6BF707-FC53-4C0C-8AF6-F6D389337D4E}.Release|Any CPU.Build.0 = Release|Any CPU
	EndGlobalSection
	GlobalSection(SolutionProperties) = preSolution
		HideSolutionNode = FALSE
	EndGlobalSection
	GlobalSection(NestedProjects) = preSolution
		{5D11A2F4-41B2-4E42-BC03-A2A5AF2FC60A} = {86BB1F9C-32C0-4EF9-9EDE-F31333BBA597}
		{DCB5A225-A054-4249-9B8B-B56740B6051E} = {86BB1F9C-32C0-4EF9-9EDE-F31333BBA597}
		{3A86E215-86C3-4A11-8C37-6B801B1749D4} = {86BB1F9C-32C0-4EF9-9EDE-F31333BBA597}
		{ACC2117A-D17A-4A75-94EF-C38561D7FAF5} = {86BB1F9C-32C0-4EF9-9EDE-F31333BBA597}
		{8451F3C5-CFF6-4051-AACA-4006C1B33554} = {86BB1F9C-32C0-4EF9-9EDE-F31333BBA597}
		{AD2A5916-016C-4F13-834D-F6F595AC9775} = {86BB1F9C-32C0-4EF9-9EDE-F31333BBA597}
		{DC8B5C18-3A87-428A-BB3E-E35D18D5F199} = {AE210E37-30C6-4B42-9657-7764F8F84C94}
		{88A8C406-B5A0-46DC-A711-BDD59E7B5032} = {AE210E37-30C6-4B42-9657-7764F8F84C94}
		{150699A0-68E7-43E2-A38A-17B7842CB777} = {AE210E37-30C6-4B42-9657-7764F8F84C94}
		{292AB86A-7F14-4138-9719-D724EA88018D} = {AE210E37-30C6-4B42-9657-7764F8F84C94}
		{28D099C2-4EFB-4A7D-991E-E2DC0C29E9C6} = {AE210E37-30C6-4B42-9657-7764F8F84C94}
		{4851F4C0-A10D-4259-B478-6AEA863DB083} = {AE210E37-30C6-4B42-9657-7764F8F84C94}
		{D6207BC7-780F-4BE5-8718-03DC2EF91D40} = {486B58F7-AA58-4CCD-BCA5-BA09E07AB6CD}
		{F90B3F81-22CE-4A60-8CD5-78A353906520} = {486B58F7-AA58-4CCD-BCA5-BA09E07AB6CD}
		{19C3BC49-B300-4533-90A6-DA005AB32FE6} = {486B58F7-AA58-4CCD-BCA5-BA09E07AB6CD}
		{D4DF25A0-D860-47A8-B70E-ACD09D9AC337} = {486B58F7-AA58-4CCD-BCA5-BA09E07AB6CD}
		{05FA0B71-DBDF-40BE-A457-29573215B451} = {486B58F7-AA58-4CCD-BCA5-BA09E07AB6CD}
		{1BFE6FA8-B1CD-4B45-B470-BE7569DB115A} = {5D9E1AF2-C695-4741-9D05-5240CADE6DA5}
		{5B761CC7-5ADD-485E-860C-721E547686D1} = {5D9E1AF2-C695-4741-9D05-5240CADE6DA5}
		{D12EEEB9-6772-478E-94D6-12E36F10FA42} = {5D9E1AF2-C695-4741-9D05-5240CADE6DA5}
		{FDEC51D4-F0FB-4EDC-8259-BDDC3FADBE0B} = {5D9E1AF2-C695-4741-9D05-5240CADE6DA5}
		{73D27091-BF58-412D-BFC5-BB2E8FB05871} = {5D9E1AF2-C695-4741-9D05-5240CADE6DA5}
		{060B84AE-338A-44EB-912D-328569E9E522} = {A713BFD6-2BC1-4D7B-B0E6-627344D69D0D}
		{51A188AF-1A4B-4D06-87BF-585C0FC35D77} = {A713BFD6-2BC1-4D7B-B0E6-627344D69D0D}
		{DB6BF707-FC53-4C0C-8AF6-F6D389337D4E} = {A713BFD6-2BC1-4D7B-B0E6-627344D69D0D}
	EndGlobalSection
	GlobalSection(ExtensibilityGlobals) = postSolution
		SolutionGuid = {2C5790E2-ED28-474E-9DBE-EA728E651B82}
	EndGlobalSection
EndGlobal
